<?xml version="1.0" encoding="utf-8"?>
<Project ToolsVersion="4.0" xmlns="http://schemas.microsoft.com/developer/msbuild/2003">
  <ItemGroup>
    <Filter Include="Header Files">
      <UniqueIdentifier>{93995380-89BD-4b04-88EB-625FBE52EBFB}</UniqueIdentifier>
      <Extensions>h;hh;hpp;hxx;hm;inl;inc;xsd</Extensions>
    </Filter>
    <Filter Include="Resource Files">
      <UniqueIdentifier>{67DA6AB6-F800-4c08-8B7A-83BB121AAD01}</UniqueIdentifier>
      <Extensions>rc;ico;cur;bmp;dlg;rc2;rct;bin;rgs;gif;jpg;jpeg;jpe;resx;tiff;tif;png;wav;mfcribbon-ms</Extensions>
    </Filter>
    <Filter Include="Source Files">
      <UniqueIdentifier>{4FC737F1-C7A5-4376-A066-2A32D752A2FF}</UniqueIdentifier>
      <Extensions>cpp;c;cc;cxx;def;odl;idl;hpj;bat;asm;asmx</Extensions>
    </Filter>
    <Filter Include="hlsl">
      <UniqueIdentifier>{3d02600c-9f2b-4aa9-9d44-d50331ec2a1e}</UniqueIdentifier>
    </Filter>
  </ItemGroup>
  <ItemGroup>
    <Text Include="ReadMe.txt" />
  </ItemGroup>
  <ItemGroup>
    <ClInclude Include="AppContext.h">
      <Filter>Header Files</Filter>
    </ClInclude>
    <ClInclude Include="capturer-define.h">
      <Filter>Header Files</Filter>
    </ClInclude>
    <ClInclude Include="CapUtility.h">
      <Filter>Header Files</Filter>
    </ClInclude>
    <ClInclude Include="DesktopRect.h">
      <Filter>Header Files</Filter>
    </ClInclude>
    <ClInclude Include="DXGICapture.h">
      <Filter>Header Files</Filter>
    </ClInclude>
    <ClInclude Include="GDICapture.h">
      <Filter>Header Files</Filter>
    </ClInclude>
    <ClInclude Include="logger.h">
      <Filter>Header Files</Filter>
    </ClInclude>
    <ClInclude Include="MagCapture.h">
      <Filter>Header Files</Filter>
    </ClInclude>
    <ClInclude Include="my-mag-sample.h">
      <Filter>Header Files</Filter>
    </ClInclude>
    <ClInclude Include="my-mag-sampleDlg.h">
      <Filter>Header Files</Filter>
    </ClInclude>
    <ClInclude Include="Resource.h">
      <Filter>Header Files</Filter>
    </ClInclude>
    <ClInclude Include="stdafx.h">
      <Filter>Header Files</Filter>
    </ClInclude>
    <ClInclude Include="targetver.h">
      <Filter>Header Files</Filter>
    </ClInclude>
    <ClInclude Include="VideoFrame.h">
      <Filter>Header Files</Filter>
    </ClInclude>
    <ClInclude Include="Win32DispalyEnumeration.h">
      <Filter>Header Files</Filter>
    </ClInclude>
    <ClInclude Include="Win32WindowEnumeration.h">
      <Filter>Header Files</Filter>
    </ClInclude>
    <ClInclude Include="d3d11render.h">
      <Filter>Header Files</Filter>
    </ClInclude>
    <ClInclude Include="WGCCapture.h">
      <Filter>Header Files</Filter>
    </ClInclude>
    <ClInclude Include="CPGPU.h">
      <Filter>Header Files</Filter>
    </ClInclude>
    <ClInclude Include="ImageUtils.h">
      <Filter>Header Files</Filter>
    </ClInclude>
    <ClInclude Include="WinVersionHelper.h">
      <Filter>Header Files</Filter>
    </ClInclude>
    <ClInclude Include="SlidingWindow.h">
      <Filter>Header Files</Filter>
    </ClInclude>
    <ClInclude Include="DWMCapture.h">
      <Filter>Header Files</Filter>
    </ClInclude>
  </ItemGroup>
  <ItemGroup>
    <ClCompile Include="CapUtility.cpp">
      <Filter>Source Files</Filter>
    </ClCompile>
    <ClCompile Include="DXGICapture.cpp">
      <Filter>Source Files</Filter>
    </ClCompile>
    <ClCompile Include="GDICapture.cpp">
      <Filter>Source Files</Filter>
    </ClCompile>
    <ClCompile Include="logger.cpp">
      <Filter>Source Files</Filter>
    </ClCompile>
    <ClCompile Include="MagCapture.cpp">
      <Filter>Source Files</Filter>
    </ClCompile>
    <ClCompile Include="my-mag-sample.cpp">
      <Filter>Source Files</Filter>
    </ClCompile>
    <ClCompile Include="my-mag-sampleDlg.cpp">
      <Filter>Source Files</Filter>
    </ClCompile>
    <ClCompile Include="stdafx.cpp">
      <Filter>Source Files</Filter>
    </ClCompile>
    <ClCompile Include="VideoFrame.cpp">
      <Filter>Source Files</Filter>
    </ClCompile>
    <ClCompile Include="d3d11render.cpp">
      <Filter>Source Files</Filter>
    </ClCompile>
    <ClCompile Include="WGCCapture.cpp">
      <Filter>Source Files</Filter>
    </ClCompile>
    <ClCompile Include="CPGPU.cpp">
      <Filter>Source Files</Filter>
    </ClCompile>
    <ClCompile Include="ImageUtils.cpp">
      <Filter>Source Files</Filter>
    </ClCompile>
    <ClCompile Include="DWMCapture.cpp">
      <Filter>Source Files</Filter>
    </ClCompile>
  </ItemGroup>
  <ItemGroup>
    <ResourceCompile Include="my-mag-sample.rc">
      <Filter>Resource Files</Filter>
    </ResourceCompile>
  </ItemGroup>
  <ItemGroup>
    <None Include="res\mymagsample.rc2">
      <Filter>Resource Files</Filter>
    </None>
    <None Include="hlsl\vsRGBA.hlsl">
      <Filter>hlsl</Filter>
    </None>
    <None Include="hlsl\psRGBA.hlsl">
      <Filter>hlsl</Filter>
    </None>
    <None Include="hlsl\psNV12toRGBA.hlsl">
      <Filter>hlsl</Filter>
    </None>
    <None Include="hlsl\psI420toRGBA.hlsl">
      <Filter>hlsl</Filter>
    </None>
    <None Include="packages.config" />
  </ItemGroup>
  <ItemGroup>
    <Image Include="res\my-mag-sample.ico">
      <Filter>Resource Files</Filter>
    </Image>
  </ItemGroup>
</Project>